
Microsoft Visual Studio Solution File, Format Version 12.00
# Visual Studio Version 17
VisualStudioVersion = 17.9.34616.47
MinimumVisualStudioVersion = 10.0.40219.1
Project("{FAE04EC0-301F-11D3-BF4B-00C04F79EFBC}") = "FBMWebApiTemplate", "FBMWebApiTemplate.csproj", "{D1F1509A-4F09-4B45-B6D0-64A59BCDDBC6}"
EndProject
Global
	GlobalSection(SolutionConfigurationPlatforms) = preSolution
		Debug|Any CPU = Debug|Any CPU
		Release|Any CPU = Release|Any CPU
	EndGlobalSection
	GlobalSection(ProjectConfigurationPlatforms) = postSolution
		{D1F1509A-4F09-4B45-B6D0-64A59BCDDBC6}.Debug|Any CPU.ActiveCfg = Debug|Any CPU
		{D1F1509A-4F09-4B45-B6D0-64A59BCDDBC6}.Debug|Any CPU.Build.0 = Debug|Any CPU
		{D1F1509A-4F09-4B45-B6D0-64A59BCDDBC6}.Release|Any CPU.ActiveCfg = Release|Any CPU
		{D1F1509A-4F09-4B45-B6D0-64A59BCDDBC6}.Release|Any CPU.Build.0 = Release|Any CPU
	EndGlobalSection
	GlobalSection(SolutionProperties) = preSolution
		HideSolutionNode = FALSE
	EndGlobalSection
	GlobalSection(ExtensibilityGlobals) = postSolution
		SolutionGuid = {8FBAAC9E-D9A8-410E-B48B-940638067216}
	EndGlobalSection
EndGlobal
